// !$*UTF8*$!
{
	archiveVersion = 1;
	classes = {
	};
	objectVersion = 48;
	objects = {

/* Begin PBXBuildFile section */
		20FF860522528C3D00D7DCBA /* AppDelegate.swift in Sources */ = {isa = PBXBuildFile; fileRef = 20FF860422528C3D00D7DCBA /* AppDelegate.swift */; };
		20FF860722528C3D00D7DCBA /* Ex00ViewController.swift in Sources */ = {isa = PBXBuildFile; fileRef = 20FF860622528C3D00D7DCBA /* Ex00ViewController.swift */; };
		20FF860C22528C3D00D7DCBA /* Assets.xcassets in Resources */ = {isa = PBXBuildFile; fileRef = 20FF860B22528C3D00D7DCBA /* Assets.xcassets */; };
		20FF860F22528C3D00D7DCBA /* LaunchScreen.storyboard in Resources */ = {isa = PBXBuildFile; fileRef = 20FF860D22528C3D00D7DCBA /* LaunchScreen.storyboard */; };
		20FF861722528C8E00D7DCBA /* Ex01ViewController.swift in Sources */ = {isa = PBXBuildFile; fileRef = 20FF861622528C8E00D7DCBA /* Ex01ViewController.swift */; };
		20FF861922528C9A00D7DCBA /* Ex02Ex03Ex04ViewController.swift in Sources */ = {isa = PBXBuildFile; fileRef = 20FF861822528C9A00D7DCBA /* Ex02Ex03Ex04ViewController.swift */; };
		20FF861D22528D4200D7DCBA /* Main.storyboard in Resources */ = {isa = PBXBuildFile; fileRef = 20FF861C22528D4200D7DCBA /* Main.storyboard */; };
/* End PBXBuildFile section */

/* Begin PBXFileReference section */
		20FF860122528C3D00D7DCBA /* Day00.app */ = {isa = PBXFileReference; explicitFileType = wrapper.application; includeInIndex = 0; path = Day00.app; sourceTree = BUILT_PRODUCTS_DIR; };
		20FF860422528C3D00D7DCBA /* AppDelegate.swift */ = {isa = PBXFileReference; lastKnownFileType = sourcecode.swift; path = AppDelegate.swift; sourceTree = "<group>"; };
		20FF860622528C3D00D7DCBA /* Ex00ViewController.swift */ = {isa = PBXFileReference; lastKnownFileType = sourcecode.swift; path = Ex00ViewController.swift; sourceTree = "<group>"; };
		20FF860B22528C3D00D7DCBA /* Assets.xcassets */ = {isa = PBXFileReference; lastKnownFileType = folder.assetcatalog; path = Assets.xcassets; sourceTree = "<group>"; };
		20FF860E22528C3D00D7DCBA /* Base */ = {isa = PBXFileReference; lastKnownFileType = file.storyboard; name = Base; path = Base.lproj/LaunchScreen.storyboard; sourceTree = "<group>"; };
		20FF861022528C3D00D7DCBA /* Info.plist */ = {isa = PBXFileReference; lastKnownFileType = text.plist.xml; path = Info.plist; sourceTree = "<group>"; };
		20FF861622528C8E00D7DCBA /* Ex01ViewController.swift */ = {isa = PBXFileReference; lastKnownFileType = sourcecode.swift; path = Ex01ViewController.swift; sourceTree = "<group>"; };
		20FF861822528C9A00D7DCBA /* Ex02Ex03Ex04ViewController.swift */ = {isa = PBXFileReference; lastKnownFileType = sourcecode.swift; path = Ex02Ex03Ex04ViewController.swift; sourceTree = "<group>"; };
		20FF861C22528D4200D7DCBA /* Main.storyboard */ = {isa = PBXFileReference; fileEncoding = 4; lastKnownFileType = file.storyboard; path = Main.storyboard; sourceTree = "<group>"; };
/* End PBXFileReference section */

/* Begin PBXFrameworksBuildPhase section */
		20FF85FE22528C3D00D7DCBA /* Frameworks */ = {
			isa = PBXFrameworksBuildPhase;
			buildActionMask = 2147483647;
			files = (
			);
			runOnlyForDeploymentPostprocessing = 0;
		};
/* End PBXFrameworksBuildPhase section */

/* Begin PBXGroup section */
		20FF85F822528C3D00D7DCBA = {
			isa = PBXGroup;
			children = (
				20FF860322528C3D00D7DCBA /* Day00 */,
				20FF860222528C3D00D7DCBA /* Products */,
			);
			sourceTree = "<group>";
		};
		20FF860222528C3D00D7DCBA /* Products */ = {
			isa = PBXGroup;
			children = (
				20FF860122528C3D00D7DCBA /* Day00.app */,
			);
			name = Products;
			sourceTree = "<group>";
		};
		20FF860322528C3D00D7DCBA /* Day00 */ = {
			isa = PBXGroup;
			children = (
				20FF860422528C3D00D7DCBA /* AppDelegate.swift */,
				20FF860622528C3D00D7DCBA /* Ex00ViewController.swift */,
				20FF861C22528D4200D7DCBA /* Main.storyboard */,
				20FF860B22528C3D00D7DCBA /* Assets.xcassets */,
				20FF860D22528C3D00D7DCBA /* LaunchScreen.storyboard */,
				20FF861022528C3D00D7DCBA /* Info.plist */,
				20FF861622528C8E00D7DCBA /* Ex01ViewController.swift */,
				20FF861822528C9A00D7DCBA /* Ex02Ex03Ex04ViewController.swift */,
			);
			path = Day00;
			sourceTree = "<group>";
		};
/* End PBXGroup section */

/* Begin PBXNativeTarget section */
		20FF860022528C3D00D7DCBA /* Day00 */ = {
			isa = PBXNativeTarget;
			buildConfigurationList = 20FF861322528C3D00D7DCBA /* Build configuration list for PBXNativeTarget "Day00" */;
			buildPhases = (
				20FF85FD22528C3D00D7DCBA /* Sources */,
				20FF85FE22528C3D00D7DCBA /* Frameworks */,
				20FF85FF22528C3D00D7DCBA /* Resources */,
			);
			buildRules = (
			);
			dependencies = (
			);
			name = Day00;
			productName = Day00;
			productReference = 20FF860122528C3D00D7DCBA /* Day00.app */;
			productType = "com.apple.product-type.application";
		};
/* End PBXNativeTarget section */

/* Begin PBXProject section */
		20FF85F922528C3D00D7DCBA /* Project object */ = {
			isa = PBXProject;
			attributes = {
				LastSwiftUpdateCheck = 0920;
				LastUpgradeCheck = 0920;
				ORGANIZATIONNAME = "Anastasiia VEREMIICHYK";
				TargetAttributes = {
					20FF860022528C3D00D7DCBA = {
						CreatedOnToolsVersion = 9.2;
						ProvisioningStyle = Automatic;
					};
				};
			};
			buildConfigurationList = 20FF85FC22528C3D00D7DCBA /* Build configuration list for PBXProject "Day00" */;
			compatibilityVersion = "Xcode 8.0";
			developmentRegion = en;
			hasScannedForEncodings = 0;
			knownRegions = (
				en,
				Base,
			);
			mainGroup = 20FF85F822528C3D00D7DCBA;
			productRefGroup = 20FF860222528C3D00D7DCBA /* Products */;
			projectDirPath = "";
			projectRoot = "";
			targets = (
				20FF860022528C3D00D7DCBA /* Day00 */,
			);
		};
/* End PBXProject section */

/* Begin PBXResourcesBuildPhase section */
		20FF85FF22528C3D00D7DCBA /* Resources */ = {
			isa = PBXResourcesBuildPhase;
			buildActionMask = 2147483647;
			files = (
				20FF860F22528C3D00D7DCBA /* LaunchScreen.storyboard in Resources */,
				20FF860C22528C3D00D7DCBA /* Assets.xcassets in Resources */,
				20FF861D22528D4200D7DCBA /* Main.storyboard in Resources */,
			);
			runOnlyForDeploymentPostprocessing = 0;
		};
/* End PBXResourcesBuildPhase section */

/* Begin PBXSourcesBuildPhase section */
		20FF85FD22528C3D00D7DCBA /* Sources */ = {
			isa = PBXSourcesBuildPhase;
			buildActionMask = 2147483647;
			files = (
				20FF860722528C3D00D7DCBA /* Ex00ViewController.swift in Sources */,
				20FF861922528C9A00D7DCBA /* Ex02Ex03Ex04ViewController.swift in Sources */,
				20FF860522528C3D00D7DCBA /* AppDelegate.swift in Sources */,
				20FF861722528C8E00D7DCBA /* Ex01ViewController.swift in Sources */,
			);
			runOnlyForDeploymentPostprocessing = 0;
		};
/* End PBXSourcesBuildPhase section */

/* Begin PBXVariantGroup section */
		20FF860D22528C3D00D7DCBA /* LaunchScreen.storyboard */ = {
			isa = PBXVariantGroup;
			children = (
				20FF860E22528C3D00D7DCBA /* Base */,
			);
			name = LaunchScreen.storyboard;
			sourceTree = "<group>";
		};
/* End PBXVariantGroup section */

/* Begin XCBuildConfiguration section */
		20FF861122528C3D00D7DCBA /* Debug */ = {
			isa = XCBuildConfiguration;
			buildSettings = {
				ALWAYS_SEARCH_USER_PATHS = NO;
				CLANG_ANALYZER_NONNULL = YES;
				CLANG_ANALYZER_NUMBER_OBJECT_CONVERSION = YES_AGGRESSIVE;
				CLANG_CXX_LANGUAGE_STANDARD = "gnu++14";
				CLANG_CXX_LIBRARY = "libc++";
				CLANG_ENABLE_MODULES = YES;
				CLANG_ENABLE_OBJC_ARC = YES;
				CLANG_WARN_BLOCK_CAPTURE_AUTORELEASING = YES;
				CLANG_WARN_BOOL_CONVERSION = YES;
				CLANG_WARN_COMMA = YES;
				CLANG_WARN_CONSTANT_CONVERSION = YES;
				CLANG_WARN_DIRECT_OBJC_ISA_USAGE = YES_ERROR;
				CLANG_WARN_DOCUMENTATION_COMMENTS = YES;
				CLANG_WARN_EMPTY_BODY = YES;
				CLANG_WARN_ENUM_CONVERSION = YES;
				CLANG_WARN_INFINITE_RECURSION = YES;
				CLANG_WARN_INT_CONVERSION = YES;
				CLANG_WARN_NON_LITERAL_NULL_CONVERSION = YES;
				CLANG_WARN_OBJC_LITERAL_CONVERSION = YES;
				CLANG_WARN_OBJC_ROOT_CLASS = YES_ERROR;
				CLANG_WARN_RANGE_LOOP_ANALYSIS = YES;
				CLANG_WARN_STRICT_PROTOTYPES = YES;
				CLANG_WARN_SUSPICIOUS_MOVE = YES;
				CLANG_WARN_UNGUARDED_AVAILABILITY = YES_AGGRESSIVE;
				CLANG_WARN_UNREACHABLE_CODE = YES;
				CLANG_WARN__DUPLICATE_METHOD_MATCH = YES;
				CODE_SIGN_IDENTITY = "iPhone Developer";
				COPY_PHASE_STRIP = NO;
				DEBUG_INFORMATION_FORMAT = dwarf;
				ENABLE_STRICT_OBJC_MSGSEND = YES;
				ENABLE_TESTABILITY = YES;
				GCC_C_LANGUAGE_STANDARD = gnu11;
				GCC_DYNAMIC_NO_PIC = NO;
				GCC_NO_COMMON_BLOCKS = YES;
				GCC_OPTIMIZATION_LEVEL = 0;
				GCC_PREPROCESSOR_DEFINITIONS = (
					"DEBUG=1",
					"$(inherited)",
				);
				GCC_WARN_64_TO_32_BIT_CONVERSION = YES;
				GCC_WARN_ABOUT_RETURN_TYPE = YES_ERROR;
				GCC_WARN_UNDECLARED_SELECTOR = YES;
				GCC_WARN_UNINITIALIZED_AUTOS = YES_AGGRESSIVE;
				GCC_WARN_UNUSED_FUNCTION = YES;
				GCC_WARN_UNUSED_VARIABLE = YES;
				IPHONEOS_DEPLOYMENT_TARGET = 11.2;
				MTL_ENABLE_DEBUG_INFO = YES;
				ONLY_ACTIVE_ARCH = YES;
				SDKROOT = iphoneos;
				SWIFT_ACTIVE_COMPILATION_CONDITIONS = DEBUG;
				SWIFT_OPTIMIZATION_LEVEL = "-Onone";
			};
			name = Debug;
		};
		20FF861222528C3D00D7DCBA /* Release */ = {
			isa = XCBuildConfiguration;
			buildSettings = {
				ALWAYS_SEARCH_USER_PATHS = NO;
				CLANG_ANALYZER_NONNULL = YES;
				CLANG_ANALYZER_NUMBER_OBJECT_CONVERSION = YES_AGGRESSIVE;
				CLANG_CXX_LANGUAGE_STANDARD = "gnu++14";
				CLANG_CXX_LIBRARY = "libc++";
				CLANG_ENABLE_MODULES = YES;
				CLANG_ENABLE_OBJC_ARC = YES;
				CLANG_WARN_BLOCK_CAPTURE_AUTORELEASING = YES;
				CLANG_WARN_BOOL_CONVERSION = YES;
				CLANG_WARN_COMMA = YES;
				CLANG_WARN_CONSTANT_CONVERSION = YES;
				CLANG_WARN_DIRECT_OBJC_ISA_USAGE = YES_ERROR;
				CLANG_WARN_DOCUMENTATION_COMMENTS = YES;
				CLANG_WARN_EMPTY_BODY = YES;
				CLANG_WARN_ENUM_CONVERSION = YES;
				CLANG_WARN_INFINITE_RECURSION = YES;
				CLANG_WARN_INT_CONVERSION = YES;
				CLANG_WARN_NON_LITERAL_NULL_CONVERSION = YES;
				CLANG_WARN_OBJC_LITERAL_CONVERSION = YES;
				CLANG_WARN_OBJC_ROOT_CLASS = YES_ERROR;
				CLANG_WARN_RANGE_LOOP_ANALYSIS = YES;
				CLANG_WARN_STRICT_PROTOTYPES = YES;
				CLANG_WARN_SUSPICIOUS_MOVE = YES;
				CLANG_WARN_UNGUARDED_AVAILABILITY = YES_AGGRESSIVE;
				CLANG_WARN_UNREACHABLE_CODE = YES;
				CLANG_WARN__DUPLICATE_METHOD_MATCH = YES;
				CODE_SIGN_IDENTITY = "iPhone Developer";
				COPY_PHASE_STRIP = NO;
				DEBUG_INFORMATION_FORMAT = "dwarf-with-dsym";
				ENABLE_NS_ASSERTIONS = NO;
				ENABLE_STRICT_OBJC_MSGSEND = YES;
				GCC_C_LANGUAGE_STANDARD = gnu11;
				GCC_NO_COMMON_BLOCKS = YES;
				GCC_WARN_64_TO_32_BIT_CONVERSION = YES;
				GCC_WARN_ABOUT_RETURN_TYPE = YES_ERROR;
				GCC_WARN_UNDECLARED_SELECTOR = YES;
				GCC_WARN_UNINITIALIZED_AUTOS = YES_AGGRESSIVE;
				GCC_WARN_UNUSED_FUNCTION = YES;
				GCC_WARN_UNUSED_VARIABLE = YES;
				IPHONEOS_DEPLOYMENT_TARGET = 11.2;
				MTL_ENABLE_DEBUG_INFO = NO;
				SDKROOT = iphoneos;
				SWIFT_OPTIMIZATION_LEVEL = "-Owholemodule";
				VALIDATE_PRODUCT = YES;
			};
			name = Release;
		};
		20FF861422528C3D00D7DCBA /* Debug */ = {
			isa = XCBuildConfiguration;
			buildSettings = {
				ASSETCATALOG_COMPILER_APPICON_NAME = AppIcon;
				CODE_SIGN_STYLE = Automatic;
				INFOPLIST_FILE = Day00/Info.plist;
				LD_RUNPATH_SEARCH_PATHS = "$(inherited) @executable_path/Frameworks";
				PRODUCT_BUNDLE_IDENTIFIER = "com.anastasiia-veremiichyk.Day00";
				PRODUCT_NAME = "$(TARGET_NAME)";
				SWIFT_VERSION = 4.0;
				TARGETED_DEVICE_FAMILY = "1,2";
			};
			name = Debug;
		};
		20FF861522528C3D00D7DCBA /* Release */ = {
			isa = XCBuildConfiguration;
			buildSettings = {
				ASSETCATALOG_COMPILER_APPICON_NAME = AppIcon;
				CODE_SIGN_STYLE = Automatic;
				INFOPLIST_FILE = Day00/Info.plist;
				LD_RUNPATH_SEARCH_PATHS = "$(inherited) @executable_path/Frameworks";
				PRODUCT_BUNDLE_IDENTIFIER = "com.anastasiia-veremiichyk.Day00";
				PRODUCT_NAME = "$(TARGET_NAME)";
				SWIFT_VERSION = 4.0;
				TARGETED_DEVICE_FAMILY = "1,2";
			};
			name = Release;
		};
/* End XCBuildConfiguration section */

/* Begin XCConfigurationList section */
		20FF85FC22528C3D00D7DCBA /* Build configuration list for PBXProject "Day00" */ = {
			isa = XCConfigurationList;
			buildConfigurations = (
				20FF861122528C3D00D7DCBA /* Debug */,
				20FF861222528C3D00D7DCBA /* Release */,
			);
			defaultConfigurationIsVisible = 0;
			defaultConfigurationName = Release;
		};
		20FF861322528C3D00D7DCBA /* Build configuration list for PBXNativeTarget "Day00" */ = {
			isa = XCConfigurationList;
			buildConfigurations = (
				20FF861422528C3D00D7DCBA /* Debug */,
				20FF861522528C3D00D7DCBA /* Release */,
			);
			defaultConfigurationIsVisible = 0;
			defaultConfigurationName = Release;
		};
/* End XCConfigurationList section */
	};
	rootObject = 20FF85F922528C3D00D7DCBA /* Project object */;
}
